// !$*UTF8*$!
{
	archiveVersion = 1;
	classes = {
	};
	objectVersion = 55;
	objects = {

/* Begin PBXBuildFile section */
		A81F80102811122D005150BF /* HealthConcernViewController.swift in Sources */ = {isa = PBXBuildFile; fileRef = A81F800F2811122D005150BF /* HealthConcernViewController.swift */; };
		A8A1D1B5281277CD0061175C /* RoundedView.swift in Sources */ = {isa = PBXBuildFile; fileRef = A8A1D1B4281277CD0061175C /* RoundedView.swift */; };
		A8AC7501280E7CFD001C1F40 /* NetworkManager.swift in Sources */ = {isa = PBXBuildFile; fileRef = A8AC7500280E7CFD001C1F40 /* NetworkManager.swift */; };
		A8AC7505280E8F13001C1F40 /* Concerns.swift in Sources */ = {isa = PBXBuildFile; fileRef = A8AC7504280E8F13001C1F40 /* Concerns.swift */; };
		A8D284082811593B006FA34D /* MenuCollectionViewCell.swift in Sources */ = {isa = PBXBuildFile; fileRef = A8D284062811593B006FA34D /* MenuCollectionViewCell.swift */; };
		A8D284092811593B006FA34D /* MenuCollectionViewCell.xib in Resources */ = {isa = PBXBuildFile; fileRef = A8D284072811593B006FA34D /* MenuCollectionViewCell.xib */; };
		A8D2840B28115A4F006FA34D /* MenuViewController.swift in Sources */ = {isa = PBXBuildFile; fileRef = A8D2840A28115A4F006FA34D /* MenuViewController.swift */; };
		A8D4D62C2806D76800AD9C20 /* String+Extension.swift in Sources */ = {isa = PBXBuildFile; fileRef = A8D4D62B2806D76800AD9C20 /* String+Extension.swift */; };
		A8DAAA6C2803FFFC00440CA3 /* AppDelegate.swift in Sources */ = {isa = PBXBuildFile; fileRef = A8DAAA6B2803FFFC00440CA3 /* AppDelegate.swift */; };
		A8DAAA6E2803FFFC00440CA3 /* SceneDelegate.swift in Sources */ = {isa = PBXBuildFile; fileRef = A8DAAA6D2803FFFC00440CA3 /* SceneDelegate.swift */; };
		A8DAAA702803FFFC00440CA3 /* ViewController.swift in Sources */ = {isa = PBXBuildFile; fileRef = A8DAAA6F2803FFFC00440CA3 /* ViewController.swift */; };
		A8DAAA732803FFFC00440CA3 /* Main.storyboard in Resources */ = {isa = PBXBuildFile; fileRef = A8DAAA712803FFFC00440CA3 /* Main.storyboard */; };
		A8DAAA752803FFFD00440CA3 /* Assets.xcassets in Resources */ = {isa = PBXBuildFile; fileRef = A8DAAA742803FFFD00440CA3 /* Assets.xcassets */; };
		A8DAAA782803FFFD00440CA3 /* LaunchScreen.storyboard in Resources */ = {isa = PBXBuildFile; fileRef = A8DAAA762803FFFD00440CA3 /* LaunchScreen.storyboard */; };
		A8DAAA832803FFFD00440CA3 /* Login_ScreenTests.swift in Sources */ = {isa = PBXBuildFile; fileRef = A8DAAA822803FFFD00440CA3 /* Login_ScreenTests.swift */; };
		A8DAAA8D2803FFFD00440CA3 /* Login_ScreenUITests.swift in Sources */ = {isa = PBXBuildFile; fileRef = A8DAAA8C2803FFFD00440CA3 /* Login_ScreenUITests.swift */; };
		A8DAAA8F2803FFFD00440CA3 /* Login_ScreenUITestsLaunchTests.swift in Sources */ = {isa = PBXBuildFile; fileRef = A8DAAA8E2803FFFD00440CA3 /* Login_ScreenUITestsLaunchTests.swift */; };
		A8E71791281FB1310095BFF2 /* DestViewController.swift in Sources */ = {isa = PBXBuildFile; fileRef = A8E71790281FB1310095BFF2 /* DestViewController.swift */; };
/* End PBXBuildFile section */

/* Begin PBXContainerItemProxy section */
		A8DAAA7F2803FFFD00440CA3 /* PBXContainerItemProxy */ = {
			isa = PBXContainerItemProxy;
			containerPortal = A8DAAA602803FFFC00440CA3 /* Project object */;
			proxyType = 1;
			remoteGlobalIDString = A8DAAA672803FFFC00440CA3;
			remoteInfo = "Login Screen";
		};
		A8DAAA892803FFFD00440CA3 /* PBXContainerItemProxy */ = {
			isa = PBXContainerItemProxy;
			containerPortal = A8DAAA602803FFFC00440CA3 /* Project object */;
			proxyType = 1;
			remoteGlobalIDString = A8DAAA672803FFFC00440CA3;
			remoteInfo = "Login Screen";
		};
/* End PBXContainerItemProxy section */

/* Begin PBXFileReference section */
		A81F800F2811122D005150BF /* HealthConcernViewController.swift */ = {isa = PBXFileReference; lastKnownFileType = sourcecode.swift; path = HealthConcernViewController.swift; sourceTree = "<group>"; };
		A8A1D1B4281277CD0061175C /* RoundedView.swift */ = {isa = PBXFileReference; lastKnownFileType = sourcecode.swift; path = RoundedView.swift; sourceTree = "<group>"; };
		A8AC7500280E7CFD001C1F40 /* NetworkManager.swift */ = {isa = PBXFileReference; lastKnownFileType = sourcecode.swift; path = NetworkManager.swift; sourceTree = "<group>"; };
		A8AC7504280E8F13001C1F40 /* Concerns.swift */ = {isa = PBXFileReference; lastKnownFileType = sourcecode.swift; path = Concerns.swift; sourceTree = "<group>"; };
		A8D284062811593B006FA34D /* MenuCollectionViewCell.swift */ = {isa = PBXFileReference; lastKnownFileType = sourcecode.swift; path = MenuCollectionViewCell.swift; sourceTree = "<group>"; };
		A8D284072811593B006FA34D /* MenuCollectionViewCell.xib */ = {isa = PBXFileReference; lastKnownFileType = file.xib; path = MenuCollectionViewCell.xib; sourceTree = "<group>"; };
		A8D2840A28115A4F006FA34D /* MenuViewController.swift */ = {isa = PBXFileReference; lastKnownFileType = sourcecode.swift; path = MenuViewController.swift; sourceTree = "<group>"; };
		A8D4D62B2806D76800AD9C20 /* String+Extension.swift */ = {isa = PBXFileReference; lastKnownFileType = sourcecode.swift; path = "String+Extension.swift"; sourceTree = "<group>"; };
		A8DAAA682803FFFC00440CA3 /* Login Screen.app */ = {isa = PBXFileReference; explicitFileType = wrapper.application; includeInIndex = 0; path = "Login Screen.app"; sourceTree = BUILT_PRODUCTS_DIR; };
		A8DAAA6B2803FFFC00440CA3 /* AppDelegate.swift */ = {isa = PBXFileReference; lastKnownFileType = sourcecode.swift; path = AppDelegate.swift; sourceTree = "<group>"; };
		A8DAAA6D2803FFFC00440CA3 /* SceneDelegate.swift */ = {isa = PBXFileReference; lastKnownFileType = sourcecode.swift; path = SceneDelegate.swift; sourceTree = "<group>"; };
		A8DAAA6F2803FFFC00440CA3 /* ViewController.swift */ = {isa = PBXFileReference; lastKnownFileType = sourcecode.swift; path = ViewController.swift; sourceTree = "<group>"; };
		A8DAAA722803FFFC00440CA3 /* Base */ = {isa = PBXFileReference; lastKnownFileType = file.storyboard; name = Base; path = Base.lproj/Main.storyboard; sourceTree = "<group>"; };
		A8DAAA742803FFFD00440CA3 /* Assets.xcassets */ = {isa = PBXFileReference; lastKnownFileType = folder.assetcatalog; path = Assets.xcassets; sourceTree = "<group>"; };
		A8DAAA772803FFFD00440CA3 /* Base */ = {isa = PBXFileReference; lastKnownFileType = file.storyboard; name = Base; path = Base.lproj/LaunchScreen.storyboard; sourceTree = "<group>"; };
		A8DAAA792803FFFD00440CA3 /* Info.plist */ = {isa = PBXFileReference; lastKnownFileType = text.plist.xml; path = Info.plist; sourceTree = "<group>"; };
		A8DAAA7E2803FFFD00440CA3 /* Login ScreenTests.xctest */ = {isa = PBXFileReference; explicitFileType = wrapper.cfbundle; includeInIndex = 0; path = "Login ScreenTests.xctest"; sourceTree = BUILT_PRODUCTS_DIR; };
		A8DAAA822803FFFD00440CA3 /* Login_ScreenTests.swift */ = {isa = PBXFileReference; lastKnownFileType = sourcecode.swift; path = Login_ScreenTests.swift; sourceTree = "<group>"; };
		A8DAAA882803FFFD00440CA3 /* Login ScreenUITests.xctest */ = {isa = PBXFileReference; explicitFileType = wrapper.cfbundle; includeInIndex = 0; path = "Login ScreenUITests.xctest"; sourceTree = BUILT_PRODUCTS_DIR; };
		A8DAAA8C2803FFFD00440CA3 /* Login_ScreenUITests.swift */ = {isa = PBXFileReference; lastKnownFileType = sourcecode.swift; path = Login_ScreenUITests.swift; sourceTree = "<group>"; };
		A8DAAA8E2803FFFD00440CA3 /* Login_ScreenUITestsLaunchTests.swift */ = {isa = PBXFileReference; lastKnownFileType = sourcecode.swift; path = Login_ScreenUITestsLaunchTests.swift; sourceTree = "<group>"; };
		A8E71790281FB1310095BFF2 /* DestViewController.swift */ = {isa = PBXFileReference; lastKnownFileType = sourcecode.swift; path = DestViewController.swift; sourceTree = "<group>"; };
/* End PBXFileReference section */

/* Begin PBXFrameworksBuildPhase section */
		A8DAAA652803FFFC00440CA3 /* Frameworks */ = {
			isa = PBXFrameworksBuildPhase;
			buildActionMask = 2147483647;
			files = (
			);
			runOnlyForDeploymentPostprocessing = 0;
		};
		A8DAAA7B2803FFFD00440CA3 /* Frameworks */ = {
			isa = PBXFrameworksBuildPhase;
			buildActionMask = 2147483647;
			files = (
			);
			runOnlyForDeploymentPostprocessing = 0;
		};
		A8DAAA852803FFFD00440CA3 /* Frameworks */ = {
			isa = PBXFrameworksBuildPhase;
			buildActionMask = 2147483647;
			files = (
			);
			runOnlyForDeploymentPostprocessing = 0;
		};
/* End PBXFrameworksBuildPhase section */

/* Begin PBXGroup section */
		A8A1D1B628128CCC0061175C /* New Group */ = {
			isa = PBXGroup;
			children = (
			);
			path = "New Group";
			sourceTree = "<group>";
		};
		A8DAAA5F2803FFFC00440CA3 = {
			isa = PBXGroup;
			children = (
				A8DAAA6A2803FFFC00440CA3 /* Login Screen */,
				A8DAAA812803FFFD00440CA3 /* Login ScreenTests */,
				A8DAAA8B2803FFFD00440CA3 /* Login ScreenUITests */,
				A8DAAA692803FFFC00440CA3 /* Products */,
			);
			sourceTree = "<group>";
		};
		A8DAAA692803FFFC00440CA3 /* Products */ = {
			isa = PBXGroup;
			children = (
				A8DAAA682803FFFC00440CA3 /* Login Screen.app */,
				A8DAAA7E2803FFFD00440CA3 /* Login ScreenTests.xctest */,
				A8DAAA882803FFFD00440CA3 /* Login ScreenUITests.xctest */,
			);
			name = Products;
			sourceTree = "<group>";
		};
		A8DAAA6A2803FFFC00440CA3 /* Login Screen */ = {
			isa = PBXGroup;
			children = (
				A8DAAA6B2803FFFC00440CA3 /* AppDelegate.swift */,
				A8A1D1B628128CCC0061175C /* New Group */,
				A8DAAA6D2803FFFC00440CA3 /* SceneDelegate.swift */,
				A8DAAA6F2803FFFC00440CA3 /* ViewController.swift */,
				A8AC7500280E7CFD001C1F40 /* NetworkManager.swift */,
				A8DAAA712803FFFC00440CA3 /* Main.storyboard */,
				A8E71790281FB1310095BFF2 /* DestViewController.swift */,
				A8D2840A28115A4F006FA34D /* MenuViewController.swift */,
				A8A1D1B4281277CD0061175C /* RoundedView.swift */,
				A8D284062811593B006FA34D /* MenuCollectionViewCell.swift */,
				A8D284072811593B006FA34D /* MenuCollectionViewCell.xib */,
				A81F800F2811122D005150BF /* HealthConcernViewController.swift */,
				A8AC7504280E8F13001C1F40 /* Concerns.swift */,
				A8DAAA742803FFFD00440CA3 /* Assets.xcassets */,
				A8DAAA762803FFFD00440CA3 /* LaunchScreen.storyboard */,
				A8DAAA792803FFFD00440CA3 /* Info.plist */,
				A8D4D62B2806D76800AD9C20 /* String+Extension.swift */,
			);
			path = "Login Screen";
			sourceTree = "<group>";
		};
		A8DAAA812803FFFD00440CA3 /* Login ScreenTests */ = {
			isa = PBXGroup;
			children = (
				A8DAAA822803FFFD00440CA3 /* Login_ScreenTests.swift */,
			);
			path = "Login ScreenTests";
			sourceTree = "<group>";
		};
		A8DAAA8B2803FFFD00440CA3 /* Login ScreenUITests */ = {
			isa = PBXGroup;
			children = (
				A8DAAA8C2803FFFD00440CA3 /* Login_ScreenUITests.swift */,
				A8DAAA8E2803FFFD00440CA3 /* Login_ScreenUITestsLaunchTests.swift */,
			);
			path = "Login ScreenUITests";
			sourceTree = "<group>";
		};
/* End PBXGroup section */

/* Begin PBXNativeTarget section */
		A8DAAA672803FFFC00440CA3 /* Login Screen */ = {
			isa = PBXNativeTarget;
			buildConfigurationList = A8DAAA922803FFFD00440CA3 /* Build configuration list for PBXNativeTarget "Login Screen" */;
			buildPhases = (
				A8DAAA642803FFFC00440CA3 /* Sources */,
				A8DAAA652803FFFC00440CA3 /* Frameworks */,
				A8DAAA662803FFFC00440CA3 /* Resources */,
			);
			buildRules = (
			);
			dependencies = (
			);
			name = "Login Screen";
			productName = "Login Screen";
			productReference = A8DAAA682803FFFC00440CA3 /* Login Screen.app */;
			productType = "com.apple.product-type.application";
		};
		A8DAAA7D2803FFFD00440CA3 /* Login ScreenTests */ = {
			isa = PBXNativeTarget;
			buildConfigurationList = A8DAAA952803FFFD00440CA3 /* Build configuration list for PBXNativeTarget "Login ScreenTests" */;
			buildPhases = (
				A8DAAA7A2803FFFD00440CA3 /* Sources */,
				A8DAAA7B2803FFFD00440CA3 /* Frameworks */,
				A8DAAA7C2803FFFD00440CA3 /* Resources */,
			);
			buildRules = (
			);
			dependencies = (
				A8DAAA802803FFFD00440CA3 /* PBXTargetDependency */,
			);
			name = "Login ScreenTests";
			productName = "Login ScreenTests";
			productReference = A8DAAA7E2803FFFD00440CA3 /* Login ScreenTests.xctest */;
			productType = "com.apple.product-type.bundle.unit-test";
		};
		A8DAAA872803FFFD00440CA3 /* Login ScreenUITests */ = {
			isa = PBXNativeTarget;
			buildConfigurationList = A8DAAA982803FFFD00440CA3 /* Build configuration list for PBXNativeTarget "Login ScreenUITests" */;
			buildPhases = (
				A8DAAA842803FFFD00440CA3 /* Sources */,
				A8DAAA852803FFFD00440CA3 /* Frameworks */,
				A8DAAA862803FFFD00440CA3 /* Resources */,
			);
			buildRules = (
			);
			dependencies = (
				A8DAAA8A2803FFFD00440CA3 /* PBXTargetDependency */,
			);
			name = "Login ScreenUITests";
			productName = "Login ScreenUITests";
			productReference = A8DAAA882803FFFD00440CA3 /* Login ScreenUITests.xctest */;
			productType = "com.apple.product-type.bundle.ui-testing";
		};
/* End PBXNativeTarget section */

/* Begin PBXProject section */
		A8DAAA602803FFFC00440CA3 /* Project object */ = {
			isa = PBXProject;
			attributes = {
				BuildIndependentTargetsInParallel = 1;
				LastSwiftUpdateCheck = 1300;
				LastUpgradeCheck = 1300;
				TargetAttributes = {
					A8DAAA672803FFFC00440CA3 = {
						CreatedOnToolsVersion = 13.0;
					};
					A8DAAA7D2803FFFD00440CA3 = {
						CreatedOnToolsVersion = 13.0;
						TestTargetID = A8DAAA672803FFFC00440CA3;
					};
					A8DAAA872803FFFD00440CA3 = {
						CreatedOnToolsVersion = 13.0;
						TestTargetID = A8DAAA672803FFFC00440CA3;
					};
				};
			};
			buildConfigurationList = A8DAAA632803FFFC00440CA3 /* Build configuration list for PBXProject "Login Screen" */;
			compatibilityVersion = "Xcode 13.0";
			developmentRegion = en;
			hasScannedForEncodings = 0;
			knownRegions = (
				en,
				Base,
			);
			mainGroup = A8DAAA5F2803FFFC00440CA3;
			productRefGroup = A8DAAA692803FFFC00440CA3 /* Products */;
			projectDirPath = "";
			projectRoot = "";
			targets = (
				A8DAAA672803FFFC00440CA3 /* Login Screen */,
				A8DAAA7D2803FFFD00440CA3 /* Login ScreenTests */,
				A8DAAA872803FFFD00440CA3 /* Login ScreenUITests */,
			);
		};
/* End PBXProject section */

/* Begin PBXResourcesBuildPhase section */
		A8DAAA662803FFFC00440CA3 /* Resources */ = {
			isa = PBXResourcesBuildPhase;
			buildActionMask = 2147483647;
			files = (
				A8DAAA782803FFFD00440CA3 /* LaunchScreen.storyboard in Resources */,
				A8DAAA752803FFFD00440CA3 /* Assets.xcassets in Resources */,
				A8DAAA732803FFFC00440CA3 /* Main.storyboard in Resources */,
				A8D284092811593B006FA34D /* MenuCollectionViewCell.xib in Resources */,
			);
			runOnlyForDeploymentPostprocessing = 0;
		};
		A8DAAA7C2803FFFD00440CA3 /* Resources */ = {
			isa = PBXResourcesBuildPhase;
			buildActionMask = 2147483647;
			files = (
			);
			runOnlyForDeploymentPostprocessing = 0;
		};
		A8DAAA862803FFFD00440CA3 /* Resources */ = {
			isa = PBXResourcesBuildPhase;
			buildActionMask = 2147483647;
			files = (
			);
			runOnlyForDeploymentPostprocessing = 0;
		};
/* End PBXResourcesBuildPhase section */

/* Begin PBXSourcesBuildPhase section */
		A8DAAA642803FFFC00440CA3 /* Sources */ = {
			isa = PBXSourcesBuildPhase;
			buildActionMask = 2147483647;
			files = (
				A81F80102811122D005150BF /* HealthConcernViewController.swift in Sources */,
				A8D2840B28115A4F006FA34D /* MenuViewController.swift in Sources */,
				A8AC7501280E7CFD001C1F40 /* NetworkManager.swift in Sources */,
				A8D284082811593B006FA34D /* MenuCollectionViewCell.swift in Sources */,
				A8E71791281FB1310095BFF2 /* DestViewController.swift in Sources */,
				A8D4D62C2806D76800AD9C20 /* String+Extension.swift in Sources */,
				A8AC7505280E8F13001C1F40 /* Concerns.swift in Sources */,
				A8DAAA702803FFFC00440CA3 /* ViewController.swift in Sources */,
				A8DAAA6C2803FFFC00440CA3 /* AppDelegate.swift in Sources */,
				A8A1D1B5281277CD0061175C /* RoundedView.swift in Sources */,
				A8DAAA6E2803FFFC00440CA3 /* SceneDelegate.swift in Sources */,
			);
			runOnlyForDeploymentPostprocessing = 0;
		};
		A8DAAA7A2803FFFD00440CA3 /* Sources */ = {
			isa = PBXSourcesBuildPhase;
			buildActionMask = 2147483647;
			files = (
				A8DAAA832803FFFD00440CA3 /* Login_ScreenTests.swift in Sources */,
			);
			runOnlyForDeploymentPostprocessing = 0;
		};
		A8DAAA842803FFFD00440CA3 /* Sources */ = {
			isa = PBXSourcesBuildPhase;
			buildActionMask = 2147483647;
			files = (
				A8DAAA8F2803FFFD00440CA3 /* Login_ScreenUITestsLaunchTests.swift in Sources */,
				A8DAAA8D2803FFFD00440CA3 /* Login_ScreenUITests.swift in Sources */,
			);
			runOnlyForDeploymentPostprocessing = 0;
		};
/* End PBXSourcesBuildPhase section */

/* Begin PBXTargetDependency section */
		A8DAAA802803FFFD00440CA3 /* PBXTargetDependency */ = {
			isa = PBXTargetDependency;
			target = A8DAAA672803FFFC00440CA3 /* Login Screen */;
			targetProxy = A8DAAA7F2803FFFD00440CA3 /* PBXContainerItemProxy */;
		};
		A8DAAA8A2803FFFD00440CA3 /* PBXTargetDependency */ = {
			isa = PBXTargetDependency;
			target = A8DAAA672803FFFC00440CA3 /* Login Screen */;
			targetProxy = A8DAAA892803FFFD00440CA3 /* PBXContainerItemProxy */;
		};
/* End PBXTargetDependency section */

/* Begin PBXVariantGroup section */
		A8DAAA712803FFFC00440CA3 /* Main.storyboard */ = {
			isa = PBXVariantGroup;
			children = (
				A8DAAA722803FFFC00440CA3 /* Base */,
			);
			name = Main.storyboard;
			sourceTree = "<group>";
		};
		A8DAAA762803FFFD00440CA3 /* LaunchScreen.storyboard */ = {
			isa = PBXVariantGroup;
			children = (
				A8DAAA772803FFFD00440CA3 /* Base */,
			);
			name = LaunchScreen.storyboard;
			sourceTree = "<group>";
		};
/* End PBXVariantGroup section */

/* Begin XCBuildConfiguration section */
		A8DAAA902803FFFD00440CA3 /* Debug */ = {
			isa = XCBuildConfiguration;
			buildSettings = {
				ALWAYS_SEARCH_USER_PATHS = NO;
				CLANG_ANALYZER_NONNULL = YES;
				CLANG_ANALYZER_NUMBER_OBJECT_CONVERSION = YES_AGGRESSIVE;
				CLANG_CXX_LANGUAGE_STANDARD = "gnu++17";
				CLANG_CXX_LIBRARY = "libc++";
				CLANG_ENABLE_MODULES = YES;
				CLANG_ENABLE_OBJC_ARC = YES;
				CLANG_ENABLE_OBJC_WEAK = YES;
				CLANG_WARN_BLOCK_CAPTURE_AUTORELEASING = YES;
				CLANG_WARN_BOOL_CONVERSION = YES;
				CLANG_WARN_COMMA = YES;
				CLANG_WARN_CONSTANT_CONVERSION = YES;
				CLANG_WARN_DEPRECATED_OBJC_IMPLEMENTATIONS = YES;
				CLANG_WARN_DIRECT_OBJC_ISA_USAGE = YES_ERROR;
				CLANG_WARN_DOCUMENTATION_COMMENTS = YES;
				CLANG_WARN_EMPTY_BODY = YES;
				CLANG_WARN_ENUM_CONVERSION = YES;
				CLANG_WARN_INFINITE_RECURSION = YES;
				CLANG_WARN_INT_CONVERSION = YES;
				CLANG_WARN_NON_LITERAL_NULL_CONVERSION = YES;
				CLANG_WARN_OBJC_IMPLICIT_RETAIN_SELF = YES;
				CLANG_WARN_OBJC_LITERAL_CONVERSION = YES;
				CLANG_WARN_OBJC_ROOT_CLASS = YES_ERROR;
				CLANG_WARN_QUOTED_INCLUDE_IN_FRAMEWORK_HEADER = YES;
				CLANG_WARN_RANGE_LOOP_ANALYSIS = YES;
				CLANG_WARN_STRICT_PROTOTYPES = YES;
				CLANG_WARN_SUSPICIOUS_MOVE = YES;
				CLANG_WARN_UNGUARDED_AVAILABILITY = YES_AGGRESSIVE;
				CLANG_WARN_UNREACHABLE_CODE = YES;
				CLANG_WARN__DUPLICATE_METHOD_MATCH = YES;
				COPY_PHASE_STRIP = NO;
				DEBUG_INFORMATION_FORMAT = dwarf;
				ENABLE_STRICT_OBJC_MSGSEND = YES;
				ENABLE_TESTABILITY = YES;
				GCC_C_LANGUAGE_STANDARD = gnu11;
				GCC_DYNAMIC_NO_PIC = NO;
				GCC_NO_COMMON_BLOCKS = YES;
				GCC_OPTIMIZATION_LEVEL = 0;
				GCC_PREPROCESSOR_DEFINITIONS = (
					"DEBUG=1",
					"$(inherited)",
				);
				GCC_WARN_64_TO_32_BIT_CONVERSION = YES;
				GCC_WARN_ABOUT_RETURN_TYPE = YES_ERROR;
				GCC_WARN_UNDECLARED_SELECTOR = YES;
				GCC_WARN_UNINITIALIZED_AUTOS = YES_AGGRESSIVE;
				GCC_WARN_UNUSED_FUNCTION = YES;
				GCC_WARN_UNUSED_VARIABLE = YES;
				IPHONEOS_DEPLOYMENT_TARGET = 15.0;
				MTL_ENABLE_DEBUG_INFO = INCLUDE_SOURCE;
				MTL_FAST_MATH = YES;
				ONLY_ACTIVE_ARCH = YES;
				SDKROOT = iphoneos;
				SWIFT_ACTIVE_COMPILATION_CONDITIONS = DEBUG;
				SWIFT_OPTIMIZATION_LEVEL = "-Onone";
			};
			name = Debug;
		};
		A8DAAA912803FFFD00440CA3 /* Release */ = {
			isa = XCBuildConfiguration;
			buildSettings = {
				ALWAYS_SEARCH_USER_PATHS = NO;
				CLANG_ANALYZER_NONNULL = YES;
				CLANG_ANALYZER_NUMBER_OBJECT_CONVERSION = YES_AGGRESSIVE;
				CLANG_CXX_LANGUAGE_STANDARD = "gnu++17";
				CLANG_CXX_LIBRARY = "libc++";
				CLANG_ENABLE_MODULES = YES;
				CLANG_ENABLE_OBJC_ARC = YES;
				CLANG_ENABLE_OBJC_WEAK = YES;
				CLANG_WARN_BLOCK_CAPTURE_AUTORELEASING = YES;
				CLANG_WARN_BOOL_CONVERSION = YES;
				CLANG_WARN_COMMA = YES;
				CLANG_WARN_CONSTANT_CONVERSION = YES;
				CLANG_WARN_DEPRECATED_OBJC_IMPLEMENTATIONS = YES;
				CLANG_WARN_DIRECT_OBJC_ISA_USAGE = YES_ERROR;
				CLANG_WARN_DOCUMENTATION_COMMENTS = YES;
				CLANG_WARN_EMPTY_BODY = YES;
				CLANG_WARN_ENUM_CONVERSION = YES;
				CLANG_WARN_INFINITE_RECURSION = YES;
				CLANG_WARN_INT_CONVERSION = YES;
				CLANG_WARN_NON_LITERAL_NULL_CONVERSION = YES;
				CLANG_WARN_OBJC_IMPLICIT_RETAIN_SELF = YES;
				CLANG_WARN_OBJC_LITERAL_CONVERSION = YES;
				CLANG_WARN_OBJC_ROOT_CLASS = YES_ERROR;
				CLANG_WARN_QUOTED_INCLUDE_IN_FRAMEWORK_HEADER = YES;
				CLANG_WARN_RANGE_LOOP_ANALYSIS = YES;
				CLANG_WARN_STRICT_PROTOTYPES = YES;
				CLANG_WARN_SUSPICIOUS_MOVE = YES;
				CLANG_WARN_UNGUARDED_AVAILABILITY = YES_AGGRESSIVE;
				CLANG_WARN_UNREACHABLE_CODE = YES;
				CLANG_WARN__DUPLICATE_METHOD_MATCH = YES;
				COPY_PHASE_STRIP = NO;
				DEBUG_INFORMATION_FORMAT = "dwarf-with-dsym";
				ENABLE_NS_ASSERTIONS = NO;
				ENABLE_STRICT_OBJC_MSGSEND = YES;
				GCC_C_LANGUAGE_STANDARD = gnu11;
				GCC_NO_COMMON_BLOCKS = YES;
				GCC_WARN_64_TO_32_BIT_CONVERSION = YES;
				GCC_WARN_ABOUT_RETURN_TYPE = YES_ERROR;
				GCC_WARN_UNDECLARED_SELECTOR = YES;
				GCC_WARN_UNINITIALIZED_AUTOS = YES_AGGRESSIVE;
				GCC_WARN_UNUSED_FUNCTION = YES;
				GCC_WARN_UNUSED_VARIABLE = YES;
				IPHONEOS_DEPLOYMENT_TARGET = 15.0;
				MTL_ENABLE_DEBUG_INFO = NO;
				MTL_FAST_MATH = YES;
				SDKROOT = iphoneos;
				SWIFT_COMPILATION_MODE = wholemodule;
				SWIFT_OPTIMIZATION_LEVEL = "-O";
				VALIDATE_PRODUCT = YES;
			};
			name = Release;
		};
		A8DAAA932803FFFD00440CA3 /* Debug */ = {
			isa = XCBuildConfiguration;
			buildSettings = {
				ASSETCATALOG_COMPILER_APPICON_NAME = AppIcon;
				ASSETCATALOG_COMPILER_GLOBAL_ACCENT_COLOR_NAME = AccentColor;
				CODE_SIGN_STYLE = Automatic;
				CURRENT_PROJECT_VERSION = 1;
				DEVELOPMENT_TEAM = 5L9NM445A7;
				GENERATE_INFOPLIST_FILE = YES;
				INFOPLIST_FILE = "Login Screen/Info.plist";
				INFOPLIST_KEY_UIApplicationSupportsIndirectInputEvents = YES;
				INFOPLIST_KEY_UILaunchStoryboardName = LaunchScreen;
				INFOPLIST_KEY_UIMainStoryboardFile = Main;
				INFOPLIST_KEY_UISupportedInterfaceOrientations_iPad = "UIInterfaceOrientationPortrait UIInterfaceOrientationPortraitUpsideDown UIInterfaceOrientationLandscapeLeft UIInterfaceOrientationLandscapeRight";
				INFOPLIST_KEY_UISupportedInterfaceOrientations_iPhone = "UIInterfaceOrientationPortrait UIInterfaceOrientationLandscapeLeft UIInterfaceOrientationLandscapeRight";
				LD_RUNPATH_SEARCH_PATHS = (
					"$(inherited)",
					"@executable_path/Frameworks",
				);
				MARKETING_VERSION = 1.0;
				PRODUCT_BUNDLE_IDENTIFIER = "com.i-exceed.Login-Screen";
				PRODUCT_NAME = "$(TARGET_NAME)";
				SWIFT_EMIT_LOC_STRINGS = YES;
				SWIFT_VERSION = 5.0;
				TARGETED_DEVICE_FAMILY = "1,2";
			};
			name = Debug;
		};
		A8DAAA942803FFFD00440CA3 /* Release */ = {
			isa = XCBuildConfiguration;
			buildSettings = {
				ASSETCATALOG_COMPILER_APPICON_NAME = AppIcon;
				ASSETCATALOG_COMPILER_GLOBAL_ACCENT_COLOR_NAME = AccentColor;
				CODE_SIGN_STYLE = Automatic;
				CURRENT_PROJECT_VERSION = 1;
				DEVELOPMENT_TEAM = 5L9NM445A7;
				GENERATE_INFOPLIST_FILE = YES;
				INFOPLIST_FILE = "Login Screen/Info.plist";
				INFOPLIST_KEY_UIApplicationSupportsIndirectInputEvents = YES;
				INFOPLIST_KEY_UILaunchStoryboardName = LaunchScreen;
				INFOPLIST_KEY_UIMainStoryboardFile = Main;
				INFOPLIST_KEY_UISupportedInterfaceOrientations_iPad = "UIInterfaceOrientationPortrait UIInterfaceOrientationPortraitUpsideDown UIInterfaceOrientationLandscapeLeft UIInterfaceOrientationLandscapeRight";
				INFOPLIST_KEY_UISupportedInterfaceOrientations_iPhone = "UIInterfaceOrientationPortrait UIInterfaceOrientationLandscapeLeft UIInterfaceOrientationLandscapeRight";
				LD_RUNPATH_SEARCH_PATHS = (
					"$(inherited)",
					"@executable_path/Frameworks",
				);
				MARKETING_VERSION = 1.0;
				PRODUCT_BUNDLE_IDENTIFIER = "com.i-exceed.Login-Screen";
				PRODUCT_NAME = "$(TARGET_NAME)";
				SWIFT_EMIT_LOC_STRINGS = YES;
				SWIFT_VERSION = 5.0;
				TARGETED_DEVICE_FAMILY = "1,2";
			};
			name = Release;
		};
		A8DAAA962803FFFD00440CA3 /* Debug */ = {
			isa = XCBuildConfiguration;
			buildSettings = {
				ALWAYS_EMBED_SWIFT_STANDARD_LIBRARIES = YES;
				BUNDLE_LOADER = "$(TEST_HOST)";
				CODE_SIGN_STYLE = Automatic;
				CURRENT_PROJECT_VERSION = 1;
				DEVELOPMENT_TEAM = 5L9NM445A7;
				GENERATE_INFOPLIST_FILE = YES;
				IPHONEOS_DEPLOYMENT_TARGET = 15.0;
				LD_RUNPATH_SEARCH_PATHS = (
					"$(inherited)",
					"@executable_path/Frameworks",
					"@loader_path/Frameworks",
				);
				MARKETING_VERSION = 1.0;
				PRODUCT_BUNDLE_IDENTIFIER = "com.i-exceed.Login-ScreenTests";
				PRODUCT_NAME = "$(TARGET_NAME)";
				SWIFT_EMIT_LOC_STRINGS = NO;
				SWIFT_VERSION = 5.0;
				TARGETED_DEVICE_FAMILY = "1,2";
				TEST_HOST = "$(BUILT_PRODUCTS_DIR)/Login Screen.app/Login Screen";
			};
			name = Debug;
		};
		A8DAAA972803FFFD00440CA3 /* Release */ = {
			isa = XCBuildConfiguration;
			buildSettings = {
				ALWAYS_EMBED_SWIFT_STANDARD_LIBRARIES = YES;
				BUNDLE_LOADER = "$(TEST_HOST)";
				CODE_SIGN_STYLE = Automatic;
				CURRENT_PROJECT_VERSION = 1;
				DEVELOPMENT_TEAM = 5L9NM445A7;
				GENERATE_INFOPLIST_FILE = YES;
				IPHONEOS_DEPLOYMENT_TARGET = 15.0;
				LD_RUNPATH_SEARCH_PATHS = (
					"$(inherited)",
					"@executable_path/Frameworks",
					"@loader_path/Frameworks",
				);
				MARKETING_VERSION = 1.0;
				PRODUCT_BUNDLE_IDENTIFIER = "com.i-exceed.Login-ScreenTests";
				PRODUCT_NAME = "$(TARGET_NAME)";
				SWIFT_EMIT_LOC_STRINGS = NO;
				SWIFT_VERSION = 5.0;
				TARGETED_DEVICE_FAMILY = "1,2";
				TEST_HOST = "$(BUILT_PRODUCTS_DIR)/Login Screen.app/Login Screen";
			};
			name = Release;
		};
		A8DAAA992803FFFD00440CA3 /* Debug */ = {
			isa = XCBuildConfiguration;
			buildSettings = {
				ALWAYS_EMBED_SWIFT_STANDARD_LIBRARIES = YES;
				CODE_SIGN_STYLE = Automatic;
				CURRENT_PROJECT_VERSION = 1;
				DEVELOPMENT_TEAM = 5L9NM445A7;
				GENERATE_INFOPLIST_FILE = YES;
				LD_RUNPATH_SEARCH_PATHS = (
					"$(inherited)",
					"@executable_path/Frameworks",
					"@loader_path/Frameworks",
				);
				MARKETING_VERSION = 1.0;
				PRODUCT_BUNDLE_IDENTIFIER = "com.i-exceed.Login-ScreenUITests";
				PRODUCT_NAME = "$(TARGET_NAME)";
				SWIFT_EMIT_LOC_STRINGS = NO;
				SWIFT_VERSION = 5.0;
				TARGETED_DEVICE_FAMILY = "1,2";
				TEST_TARGET_NAME = "Login Screen";
			};
			name = Debug;
		};
		A8DAAA9A2803FFFD00440CA3 /* Release */ = {
			isa = XCBuildConfiguration;
			buildSettings = {
				ALWAYS_EMBED_SWIFT_STANDARD_LIBRARIES = YES;
				CODE_SIGN_STYLE = Automatic;
				CURRENT_PROJECT_VERSION = 1;
				DEVELOPMENT_TEAM = 5L9NM445A7;
				GENERATE_INFOPLIST_FILE = YES;
				LD_RUNPATH_SEARCH_PATHS = (
					"$(inherited)",
					"@executable_path/Frameworks",
					"@loader_path/Frameworks",
				);
				MARKETING_VERSION = 1.0;
				PRODUCT_BUNDLE_IDENTIFIER = "com.i-exceed.Login-ScreenUITests";
				PRODUCT_NAME = "$(TARGET_NAME)";
				SWIFT_EMIT_LOC_STRINGS = NO;
				SWIFT_VERSION = 5.0;
				TARGETED_DEVICE_FAMILY = "1,2";
				TEST_TARGET_NAME = "Login Screen";
			};
			name = Release;
		};
/* End XCBuildConfiguration section */

/* Begin XCConfigurationList section */
		A8DAAA632803FFFC00440CA3 /* Build configuration list for PBXProject "Login Screen" */ = {
			isa = XCConfigurationList;
			buildConfigurations = (
				A8DAAA902803FFFD00440CA3 /* Debug */,
				A8DAAA912803FFFD00440CA3 /* Release */,
			);
			defaultConfigurationIsVisible = 0;
			defaultConfigurationName = Release;
		};
		A8DAAA922803FFFD00440CA3 /* Build configuration list for PBXNativeTarget "Login Screen" */ = {
			isa = XCConfigurationList;
			buildConfigurations = (
				A8DAAA932803FFFD00440CA3 /* Debug */,
				A8DAAA942803FFFD00440CA3 /* Release */,
			);
			defaultConfigurationIsVisible = 0;
			defaultConfigurationName = Release;
		};
		A8DAAA952803FFFD00440CA3 /* Build configuration list for PBXNativeTarget "Login ScreenTests" */ = {
			isa = XCConfigurationList;
			buildConfigurations = (
				A8DAAA962803FFFD00440CA3 /* Debug */,
				A8DAAA972803FFFD00440CA3 /* Release */,
			);
			defaultConfigurationIsVisible = 0;
			defaultConfigurationName = Release;
		};
		A8DAAA982803FFFD00440CA3 /* Build configuration list for PBXNativeTarget "Login ScreenUITests" */ = {
			isa = XCConfigurationList;
			buildConfigurations = (
				A8DAAA992803FFFD00440CA3 /* Debug */,
				A8DAAA9A2803FFFD00440CA3 /* Release */,
			);
			defaultConfigurationIsVisible = 0;
			defaultConfigurationName = Release;
		};
/* End XCConfigurationList section */
	};
	rootObject = A8DAAA602803FFFC00440CA3 /* Project object */;
}
